
Microsoft Visual Studio Solution File, Format Version 12.00
# Visual Studio 2013
VisualStudioVersion = 12.0.21005.1
MinimumVisualStudioVersion = 10.0.40219.1
Project("{FAE04EC0-301F-11D3-BF4B-00C04F79EFBC}") = "WpfApplication4", "WpfApplication4\WpfApplication4.csproj", "{FE259B71-8E67-47D0-BA77-5C7B0E2C7B70}"
EndProject
Project("{FAE04EC0-301F-11D3-BF4B-00C04F79EFBC}") = "ClassLibrary1", "ClassLibrary1\ClassLibrary1.csproj", "{FE287277-EE1D-4FBC-8F51-AE73F7C399FF}"
EndProject
Project("{2150E333-8FDC-42A3-9474-1A3956D46DE8}") = ".nuget", ".nuget", "{8D89B1D8-D4F9-455B-B4C0-59BCEB5F0BAD}"
	ProjectSection(SolutionItems) = preProject
		.nuget\packages.config = .nuget\packages.config
	EndProjectSection
EndProject
Global
	GlobalSection(SolutionConfigurationPlatforms) = preSolution
		Debug|Any CPU = Debug|Any CPU
		Release|Any CPU = Release|Any CPU
	EndGlobalSection
	GlobalSection(ProjectConfigurationPlatforms) = postSolution
		{FE259B71-8E67-47D0-BA77-5C7B0E2C7B70}.Debug|Any CPU.ActiveCfg = Debug|Any CPU
		{FE259B71-8E67-47D0-BA77-5C7B0E2C7B70}.Debug|Any CPU.Build.0 = Debug|Any CPU
		{FE259B71-8E67-47D0-BA77-5C7B0E2C7B70}.Release|Any CPU.ActiveCfg = Release|Any CPU
		{FE259B71-8E67-47D0-BA77-5C7B0E2C7B70}.Release|Any CPU.Build.0 = Release|Any CPU
		{FE287277-EE1D-4FBC-8F51-AE73F7C399FF}.Debug|Any CPU.ActiveCfg = Debug|Any CPU
		{FE287277-EE1D-4FBC-8F51-AE73F7C399FF}.Debug|Any CPU.Build.0 = Debug|Any CPU
		{FE287277-EE1D-4FBC-8F51-AE73F7C399FF}.Release|Any CPU.ActiveCfg = Release|Any CPU
		{FE287277-EE1D-4FBC-8F51-AE73F7C399FF}.Release|Any CPU.Build.0 = Release|Any CPU
	EndGlobalSection
	GlobalSection(SolutionProperties) = preSolution
		HideSolutionNode = FALSE
	EndGlobalSection
EndGlobal
